# This lock file was generated by conda-lock (https://github.com/conda/conda-lock). DO NOT EDIT!
#
# A "lock file" contains a concrete list of package versions (with checksums) to be installed. Unlike
# e.g. `conda env create`, the resulting environment will not change as new package versions become
# available, unless you explicitly update the lock file.
#
# Install this environment as "YOURENV" with:
#     conda-lock install -n YOURENV conda-lock.yml
# To update a single package to the latest version compatible with the version constraints in the source:
#     conda-lock lock  --lockfile conda-lock.yml --update PACKAGE
# To re-solve the entire environment, e.g. after changing a version constraint in the source file:
#     conda-lock -f /Users/marco/Projects/securapoint/c-zlib-demo/environment.yml -f environment.yml --lockfile conda-lock.yml
version: 1
metadata:
  content_hash:
    linux-64: 184fe5904e705ee1b394a07ca9c77805267947240bb55915e98987172e77d67c
    osx-64: 8695282289ca951fd744994e5d0ee71dd61442d03d1baacaa3dfc1c3b8e14306
  channels:
  - url: conda-forge
    used_env_vars: []
  platforms:
  - linux-64
  - osx-64
  sources:
  - /Users/marco/Projects/securapoint/c-zlib-demo/environment.yml
  - environment.yml
package:
- name: _libgcc_mutex
  version: '0.1'
  manager: conda
  platform: linux-64
  dependencies: {}
  url: https://conda.anaconda.org/conda-forge/linux-64/_libgcc_mutex-0.1-conda_forge.tar.bz2
  hash:
    md5: d7c89558ba9fa0495403155b64376d81
    sha256: fe51de6107f9edc7aa4f786a70f4a883943bc9d39b3bb7307c04c41410990726
  category: main
  optional: false
- name: _openmp_mutex
  version: '4.5'
  manager: conda
  platform: linux-64
  dependencies:
    _libgcc_mutex: '0.1'
    libgomp: '>=7.5.0'
  url: https://conda.anaconda.org/conda-forge/linux-64/_openmp_mutex-4.5-2_gnu.tar.bz2
  hash:
    md5: 73aaf86a425cc6e73fcf236a5a46396d
    sha256: fbe2c5e56a653bebb982eda4876a9178aedfc2b545f25d0ce9c4c0b508253d22
  category: main
  optional: false
- name: libgcc
  version: 15.2.0
  manager: conda
  platform: linux-64
  dependencies:
    __glibc: '>=2.17,<3.0.a0'
    _openmp_mutex: '>=4.5'
  url: https://conda.anaconda.org/conda-forge/linux-64/libgcc-15.2.0-he0feb66_14.conda
  hash:
    md5: 550dceb769d23bcf0e2f97fd4062d720
    sha256: 947bfbe5e47cd5d0cbdb0926d4baadb3e9be25caca7c6c6ef516f7ef85052cec
  category: main
  optional: false
- name: libgcc-ng
  version: 15.2.0
  manager: conda
  platform: linux-64
  dependencies:
    libgcc: 15.2.0
  url: https://conda.anaconda.org/conda-forge/linux-64/libgcc-ng-15.2.0-h69a702a_14.conda
  hash:
    md5: 6c13aaae36d7514f28bd5544da1a7bb8
    sha256: 48a77fde940b4b877c0ed24efd562c135170a46d100c07cd2d7b67e842e30642
  category: main
  optional: false
- name: libgomp
  version: 15.2.0
  manager: conda
  platform: linux-64
  dependencies:
    __glibc: '>=2.17,<3.0.a0'
  url: https://conda.anaconda.org/conda-forge/linux-64/libgomp-15.2.0-he0feb66_14.conda
  hash:
    md5: 91349c276f84f590487e4c7f6e90e077
    sha256: 2017cbc0f0f3b1d15df9ca681960eef015f9f58ba0d6e841694277a9f7eae0fc
  category: main
  optional: false
- name: libpng
  version: 1.6.35
  manager: conda
  platform: linux-64
  dependencies:
    libgcc-ng: '>=7.3.0'
    zlib: '>=1.2.11,<1.3.0a0'
  url: https://conda.anaconda.org/conda-forge/linux-64/libpng-1.6.35-h84994c4_1002.tar.bz2
  hash:
    md5: c70c08c270398f7888ae6734d9c9966b
    sha256: 6cc187e5832b7c6501c67d2ee4f08a52f81499f9699f75f2674042461db75659
  category: main
  optional: false
- name: libpng
  version: 1.6.35
  manager: conda
  platform: osx-64
  dependencies:
    zlib: '>=1.2.11,<1.3.0a0'
  url: https://conda.anaconda.org/conda-forge/osx-64/libpng-1.6.35-ha441bb4_1002.tar.bz2
  hash:
    md5: 6c269145a4752348c3697102b2800e30
    sha256: 13ef4ab5f8f5570f517774f9d8f9848e6f3bb933d016c9ee004822fdb9efaa0f
  category: main
  optional: false
- name: libzlib
  version: 1.2.11
  manager: conda
  platform: linux-64
  dependencies:
    libgcc-ng: '>=10.3.0'
  url: https://conda.anaconda.org/conda-forge/linux-64/libzlib-1.2.11-h166bdaf_1014.tar.bz2
  hash:
    md5: 757138ba3ddc6777b82e91d9ff62e7b9
    sha256: b46b66d1cb171be2227a275e226195ca9e56c6f5b16250b85645e82a69518378
  category: main
  optional: false
- name: libzlib
  version: 1.2.11
  manager: conda
  platform: osx-64
  dependencies: {}
  url: https://conda.anaconda.org/conda-forge/osx-64/libzlib-1.2.11-h6c3fc93_1014.tar.bz2
  hash:
    md5: 49f20ed86f7ed34204be74fbb2868c60
    sha256: 7e01a61f197bae37cc4c21f3e4767f9fb3b327a9e100c9b479ec83d8ede4a921
  category: main
  optional: false
- name: zlib
  version: 1.2.11
  manager: conda
  platform: linux-64
  dependencies:
    libgcc-ng: '>=10.3.0'
    libzlib: 1.2.11
  url: https://conda.anaconda.org/conda-forge/linux-64/zlib-1.2.11-h166bdaf_1014.tar.bz2
  hash:
    md5: def3b82d1a03aa695bb38ac1dd072ff2
    sha256: ccfdb4dcceae8b191ddd4703e7be84eff2ba82b53788d6bb9298e531bae4eaf9
  category: main
  optional: false
- name: zlib
  version: 1.2.11
  manager: conda
  platform: osx-64
  dependencies:
    libzlib: 1.2.11
  url: https://conda.anaconda.org/conda-forge/osx-64/zlib-1.2.11-h6c3fc93_1014.tar.bz2
  hash:
    md5: 98b82f6a8de694bc6259f2d1a69bc02b
    sha256: 825ad325db6febfcc5ec1051a57a50be5504613c737ef3be8ccf38ec4dd12b70
  category: main
  optional: false
