# This lock file was generated by conda-lock (https://github.com/conda/conda-lock). DO NOT EDIT!
#
# A "lock file" contains a concrete list of package versions (with checksums) to be installed. Unlike
# e.g. `conda env create`, the resulting environment will not change as new package versions become
# available, unless you explicitly update the lock file.
#
# Install this environment as "YOURENV" with:
#     conda-lock install -n YOURENV conda-lock.yml
# To update a single package to the latest version compatible with the version constraints in the source:
#     conda-lock lock  --lockfile conda-lock.yml --update PACKAGE
# To re-solve the entire environment, e.g. after changing a version constraint in the source file:
#     conda-lock -f /Users/marco/Projects/securapoint/c-zlib-demo/environment.yml -f environment.yml --lockfile conda-lock.yml
version: 1
metadata:
  content_hash:
    linux-64: 99b27b4bd71522e554621107ada5bfbde3c123d2579a30999e0934ccde54222a
    osx-64: 7c4371ce1e5d35afffd7187b0a550e218338eb546e6952007c11de008d12ad7d
  channels:
  - url: conda-forge
    used_env_vars: []
  platforms:
  - linux-64
  - osx-64
  sources:
  - /Users/marco/Projects/securapoint/c-zlib-demo/environment.yml
  - environment.yml
package:
- name: _libgcc_mutex
  version: '0.1'
  manager: conda
  platform: linux-64
  dependencies: {}
  url: https://conda.anaconda.org/conda-forge/linux-64/_libgcc_mutex-0.1-conda_forge.tar.bz2
  hash:
    md5: d7c89558ba9fa0495403155b64376d81
    sha256: fe51de6107f9edc7aa4f786a70f4a883943bc9d39b3bb7307c04c41410990726
  category: main
  optional: false
- name: _openmp_mutex
  version: '4.5'
  manager: conda
  platform: linux-64
  dependencies:
    _libgcc_mutex: '0.1'
    libgomp: '>=7.5.0'
  url: https://conda.anaconda.org/conda-forge/linux-64/_openmp_mutex-4.5-2_gnu.tar.bz2
  hash:
    md5: 73aaf86a425cc6e73fcf236a5a46396d
    sha256: fbe2c5e56a653bebb982eda4876a9178aedfc2b545f25d0ce9c4c0b508253d22
  category: main
  optional: false
- name: libgcc
  version: 15.2.0
  manager: conda
  platform: linux-64
  dependencies:
    __glibc: '>=2.17,<3.0.a0'
    _openmp_mutex: '>=4.5'
  url: https://conda.anaconda.org/conda-forge/linux-64/libgcc-15.2.0-h767d61c_7.conda
  hash:
    md5: c0374badb3a5d4b1372db28d19462c53
    sha256: 08f9b87578ab981c7713e4e6a7d935e40766e10691732bba376d4964562bcb45
  category: main
  optional: false
- name: libgcc-ng
  version: 15.2.0
  manager: conda
  platform: linux-64
  dependencies:
    libgcc: 15.2.0
  url: https://conda.anaconda.org/conda-forge/linux-64/libgcc-ng-15.2.0-h69a702a_7.conda
  hash:
    md5: 280ea6eee9e2ddefde25ff799c4f0363
    sha256: 2045066dd8e6e58aaf5ae2b722fb6dfdbb57c862b5f34ac7bfb58c40ef39b6ad
  category: main
  optional: false
- name: libgomp
  version: 15.2.0
  manager: conda
  platform: linux-64
  dependencies:
    __glibc: '>=2.17,<3.0.a0'
  url: https://conda.anaconda.org/conda-forge/linux-64/libgomp-15.2.0-h767d61c_7.conda
  hash:
    md5: f7b4d76975aac7e5d9e6ad13845f92fe
    sha256: e9fb1c258c8e66ee278397b5822692527c5f5786d372fe7a869b900853f3f5ca
  category: main
  optional: false
- name: libpng
  version: 1.6.34
  manager: conda
  platform: linux-64
  dependencies:
    libgcc-ng: '>=4.9'
    zlib: '>=1.2.11,<1.3.0a0'
  url: https://conda.anaconda.org/conda-forge/linux-64/libpng-1.6.34-ha92aebf_2.tar.bz2
  hash:
    md5: 7811897894a932828537fb7063d4fe49
    sha256: e21adb857f7507c691387e25cb60eeb6e81f4e69eeb4337ffe7a767fadcfb658
  category: main
  optional: false
- name: libpng
  version: 1.6.34
  manager: conda
  platform: osx-64
  dependencies:
    zlib: '>=1.2.11,<1.3.0a0'
  url: https://conda.anaconda.org/conda-forge/osx-64/libpng-1.6.34-ha92aebf_2.tar.bz2
  hash:
    md5: 3dddd33194f34adaffb6292910636c42
    sha256: 877f3bf8bb55d4a779b62b99cde913bf8c092de4beee84eb204630cd45fded27
  category: main
  optional: false
- name: libzlib
  version: 1.2.11
  manager: conda
  platform: linux-64
  dependencies:
    libgcc-ng: '>=10.3.0'
  url: https://conda.anaconda.org/conda-forge/linux-64/libzlib-1.2.11-h166bdaf_1014.tar.bz2
  hash:
    md5: 757138ba3ddc6777b82e91d9ff62e7b9
    sha256: b46b66d1cb171be2227a275e226195ca9e56c6f5b16250b85645e82a69518378
  category: main
  optional: false
- name: libzlib
  version: 1.2.11
  manager: conda
  platform: osx-64
  dependencies: {}
  url: https://conda.anaconda.org/conda-forge/osx-64/libzlib-1.2.11-h6c3fc93_1014.tar.bz2
  hash:
    md5: 49f20ed86f7ed34204be74fbb2868c60
    sha256: 7e01a61f197bae37cc4c21f3e4767f9fb3b327a9e100c9b479ec83d8ede4a921
  category: main
  optional: false
- name: zlib
  version: 1.2.11
  manager: conda
  platform: linux-64
  dependencies:
    libgcc-ng: '>=10.3.0'
    libzlib: 1.2.11
  url: https://conda.anaconda.org/conda-forge/linux-64/zlib-1.2.11-h166bdaf_1014.tar.bz2
  hash:
    md5: def3b82d1a03aa695bb38ac1dd072ff2
    sha256: ccfdb4dcceae8b191ddd4703e7be84eff2ba82b53788d6bb9298e531bae4eaf9
  category: main
  optional: false
- name: zlib
  version: 1.2.11
  manager: conda
  platform: osx-64
  dependencies:
    libzlib: 1.2.11
  url: https://conda.anaconda.org/conda-forge/osx-64/zlib-1.2.11-h6c3fc93_1014.tar.bz2
  hash:
    md5: 98b82f6a8de694bc6259f2d1a69bc02b
    sha256: 825ad325db6febfcc5ec1051a57a50be5504613c737ef3be8ccf38ec4dd12b70
  category: main
  optional: false
